<?xml version="1.0" encoding="utf-8"?>
<Project ToolsVersion="4.0" xmlns="http://schemas.microsoft.com/developer/msbuild/2003">
  <ItemGroup>
    <ClCompile Include="dx11skybox.cpp" />
  </ItemGroup>
  <ItemGroup>
    <Filter Include="FX">
      <UniqueIdentifier>{62d6993d-cce8-4cf2-b38a-deadb936d134}</UniqueIdentifier>
    </Filter>
  </ItemGroup>
  <ItemGroup>
    <CustomBuild Include="..\..\..\..\media\shader11\skybox.fx">
      <Filter>FX</Filter>
    </CustomBuild>
  </ItemGroup>
</Project>