<?xml version="1.0" encoding="utf-8"?>
<Project ToolsVersion="4.0" xmlns="http://schemas.microsoft.com/developer/msbuild/2003">
  <ItemGroup>
    <ClCompile Include="dx11tessellationquadtree.cpp" />
    <ClCompile Include="stdafx.cpp" />
    <ClCompile Include="mapview.cpp" />
    <ClCompile Include="observerview.cpp" />
    <ClCompile Include="terrainquadtree.cpp" />
    <ClCompile Include="quadtree.cpp" />
  </ItemGroup>
  <ItemGroup>
    <CustomBuild Include="..\..\..\..\media\shader11\tessellation_quadtree.fx" />
  </ItemGroup>
  <ItemGroup>
    <ClInclude Include="stdafx.h" />
    <ClInclude Include="mapview.h" />
    <ClInclude Include="observerview.h" />
    <ClInclude Include="dx11tessellationquadtree.h" />
    <ClInclude Include="terrainquadtree.h" />
    <ClInclude Include="quadtree.h" />
  </ItemGroup>
</Project>