<?xml version="1.0" encoding="utf-8"?>
<Project ToolsVersion="4.0" xmlns="http://schemas.microsoft.com/developer/msbuild/2003">
  <ItemGroup>
    <ClCompile Include="dx11light.cpp" />
  </ItemGroup>
  <ItemGroup>
    <Filter Include="fx">
      <UniqueIdentifier>{cfeb350d-9034-45bb-aa92-ba019bb1df1b}</UniqueIdentifier>
    </Filter>
  </ItemGroup>
  <ItemGroup>
    <CustomBuild Include="..\..\..\..\media\shader11\cubetex-light.fx">
      <Filter>fx</Filter>
    </CustomBuild>
    <CustomBuild Include="..\..\..\..\media\shader11\cube.fx">
      <Filter>fx</Filter>
    </CustomBuild>
    <CustomBuild Include="..\..\..\..\media\shader11\grid.fx">
      <Filter>fx</Filter>
    </CustomBuild>
  </ItemGroup>
</Project>