<?xml version="1.0" encoding="utf-8"?>
<Project ToolsVersion="4.0" xmlns="http://schemas.microsoft.com/developer/msbuild/2003">
  <ItemGroup>
    <ClCompile Include="dx11ocean3.cpp" />
    <ClCompile Include="stdafx.cpp" />
    <ClCompile Include="terrain.cpp" />
  </ItemGroup>
  <ItemGroup>
    <ClInclude Include="stdafx.h" />
    <ClInclude Include="terrain.h" />
  </ItemGroup>
  <ItemGroup>
    <Filter Include="FX">
      <UniqueIdentifier>{760a228b-c48b-4d30-ae47-9594895aecb3}</UniqueIdentifier>
    </Filter>
  </ItemGroup>
  <ItemGroup>
    <CustomBuild Include="..\..\..\..\..\Media\ocean3\Island11.fx">
      <Filter>FX</Filter>
    </CustomBuild>
  </ItemGroup>
</Project>