<?xml version="1.0" encoding="utf-8"?>
<Project ToolsVersion="4.0" xmlns="http://schemas.microsoft.com/developer/msbuild/2003">
  <ItemGroup>
    <ClCompile Include="dx11instancing.cpp" />
  </ItemGroup>
  <ItemGroup>
    <Filter Include="FX">
      <UniqueIdentifier>{43c3d5aa-2df8-48c2-8046-18bda7f0a07a}</UniqueIdentifier>
    </Filter>
  </ItemGroup>
  <ItemGroup>
    <CustomBuild Include="..\..\..\..\media\shader11\pos-norm-tex.fx">
      <Filter>FX</Filter>
    </CustomBuild>
  </ItemGroup>
</Project>