<?xml version="1.0" encoding="utf-8"?>
<Project ToolsVersion="4.0" xmlns="http://schemas.microsoft.com/developer/msbuild/2003">
  <ItemGroup>
    <ClCompile Include="dx11terrain.cpp" />
  </ItemGroup>
  <ItemGroup>
    <Filter Include="FX">
      <UniqueIdentifier>{09e7f06f-7291-4fcb-9644-c05755b79fdf}</UniqueIdentifier>
    </Filter>
  </ItemGroup>
  <ItemGroup>
    <CustomBuild Include="..\..\..\..\media\shader11\grid.fx">
      <Filter>FX</Filter>
    </CustomBuild>
    <CustomBuild Include="..\..\..\..\media\shader11\pos-norm-color-tex.fx">
      <Filter>FX</Filter>
    </CustomBuild>
    <CustomBuild Include="..\..\..\..\media\shader11\pos-norm-tex.fx">
      <Filter>FX</Filter>
    </CustomBuild>
    <CustomBuild Include="..\..\..\..\media\shader11\pos-tex.fx">
      <Filter>FX</Filter>
    </CustomBuild>
    <CustomBuild Include="..\..\..\..\media\shader11\pos-color.fx">
      <Filter>FX</Filter>
    </CustomBuild>
  </ItemGroup>
</Project>